
Microsoft Visual Studio Solution File, Format Version 12.00
# Visual Studio 2012
Project("{FAE04EC0-301F-11D3-BF4B-00C04F79EFBC}") = "DIDCompareMonitor", "DIDCompareMonitor\DIDCompareMonitor.csproj", "{7E094078-C554-406A-80B7-92C6F650DFA0}"
EndProject
Global
	GlobalSection(TeamFoundationVersionControl) = preSolution
		SccNumberOfProjects = 2
		SccEnterpriseProvider = {4CA58AB2-18FA-4F8D-95D4-32DDF27D184C}
		SccTeamFoundationServer = http://172.26.6.104:8088/tfs/qms
		SccLocalPath0 = .
		SccProjectUniqueName1 = DIDCompareMonitor\\DIDCompareMonitor.csproj
		SccProjectName1 = DIDCompareMonitor
		SccLocalPath1 = DIDCompareMonitor
	EndGlobalSection
	GlobalSection(SolutionConfigurationPlatforms) = preSolution
		Debug|Any CPU = Debug|Any CPU
		Release|Any CPU = Release|Any CPU
	EndGlobalSection
	GlobalSection(ProjectConfigurationPlatforms) = postSolution
		{7E094078-C554-406A-80B7-92C6F650DFA0}.Debug|Any CPU.ActiveCfg = Debug|Any CPU
		{7E094078-C554-406A-80B7-92C6F650DFA0}.Debug|Any CPU.Build.0 = Debug|Any CPU
		{7E094078-C554-406A-80B7-92C6F650DFA0}.Release|Any CPU.ActiveCfg = Release|Any CPU
		{7E094078-C554-406A-80B7-92C6F650DFA0}.Release|Any CPU.Build.0 = Release|Any CPU
	EndGlobalSection
	GlobalSection(SolutionProperties) = preSolution
		HideSolutionNode = FALSE
	EndGlobalSection
EndGlobal
